// !$*UTF8*$!
{
	archiveVersion = 1;
	classes = {
	};
	objectVersion = 50;
	objects = {

/* Begin PBXBuildFile section */
		DA89CE45265CCDEB0000CE40 /* WatchShopApp.swift in Sources */ = {isa = PBXBuildFile; fileRef = DA89CE44265CCDEB0000CE40 /* WatchShopApp.swift */; };
		DA89CE47265CCDEB0000CE40 /* ContentView.swift in Sources */ = {isa = PBXBuildFile; fileRef = DA89CE46265CCDEB0000CE40 /* ContentView.swift */; };
		DA89CE49265CCDEC0000CE40 /* Assets.xcassets in Resources */ = {isa = PBXBuildFile; fileRef = DA89CE48265CCDEC0000CE40 /* Assets.xcassets */; };
		DA89CE4C265CCDEC0000CE40 /* Preview Assets.xcassets in Resources */ = {isa = PBXBuildFile; fileRef = DA89CE4B265CCDEC0000CE40 /* Preview Assets.xcassets */; };
		DA89CE59265CDB640000CE40 /* ViewExtensions.swift in Sources */ = {isa = PBXBuildFile; fileRef = DA89CE58265CDB640000CE40 /* ViewExtensions.swift */; };
		DA89CE5B265CE1170000CE40 /* SegmentButton.swift in Sources */ = {isa = PBXBuildFile; fileRef = DA89CE5A265CE1170000CE40 /* SegmentButton.swift */; };
		DA89CE5D265CE2910000CE40 /* ProductView.swift in Sources */ = {isa = PBXBuildFile; fileRef = DA89CE5C265CE2910000CE40 /* ProductView.swift */; };
		DA89CE60265CE3130000CE40 /* Watch.swift in Sources */ = {isa = PBXBuildFile; fileRef = DA89CE5F265CE3130000CE40 /* Watch.swift */; };
		DA89CE63265CE5C90000CE40 /* ColorExtensions.swift in Sources */ = {isa = PBXBuildFile; fileRef = DA89CE62265CE5C90000CE40 /* ColorExtensions.swift */; };
/* End PBXBuildFile section */

/* Begin PBXFileReference section */
		DA89CE41265CCDEB0000CE40 /* WatchShop.app */ = {isa = PBXFileReference; explicitFileType = wrapper.application; includeInIndex = 0; path = WatchShop.app; sourceTree = BUILT_PRODUCTS_DIR; };
		DA89CE44265CCDEB0000CE40 /* WatchShopApp.swift */ = {isa = PBXFileReference; lastKnownFileType = sourcecode.swift; path = WatchShopApp.swift; sourceTree = "<group>"; };
		DA89CE46265CCDEB0000CE40 /* ContentView.swift */ = {isa = PBXFileReference; lastKnownFileType = sourcecode.swift; path = ContentView.swift; sourceTree = "<group>"; };
		DA89CE48265CCDEC0000CE40 /* Assets.xcassets */ = {isa = PBXFileReference; lastKnownFileType = folder.assetcatalog; path = Assets.xcassets; sourceTree = "<group>"; };
		DA89CE4B265CCDEC0000CE40 /* Preview Assets.xcassets */ = {isa = PBXFileReference; lastKnownFileType = folder.assetcatalog; path = "Preview Assets.xcassets"; sourceTree = "<group>"; };
		DA89CE4D265CCDEC0000CE40 /* Info.plist */ = {isa = PBXFileReference; lastKnownFileType = text.plist.xml; path = Info.plist; sourceTree = "<group>"; };
		DA89CE58265CDB640000CE40 /* ViewExtensions.swift */ = {isa = PBXFileReference; lastKnownFileType = sourcecode.swift; path = ViewExtensions.swift; sourceTree = "<group>"; };
		DA89CE5A265CE1170000CE40 /* SegmentButton.swift */ = {isa = PBXFileReference; lastKnownFileType = sourcecode.swift; path = SegmentButton.swift; sourceTree = "<group>"; };
		DA89CE5C265CE2910000CE40 /* ProductView.swift */ = {isa = PBXFileReference; lastKnownFileType = sourcecode.swift; path = ProductView.swift; sourceTree = "<group>"; };
		DA89CE5F265CE3130000CE40 /* Watch.swift */ = {isa = PBXFileReference; lastKnownFileType = sourcecode.swift; path = Watch.swift; sourceTree = "<group>"; };
		DA89CE62265CE5C90000CE40 /* ColorExtensions.swift */ = {isa = PBXFileReference; lastKnownFileType = sourcecode.swift; path = ColorExtensions.swift; sourceTree = "<group>"; };
/* End PBXFileReference section */

/* Begin PBXFrameworksBuildPhase section */
		DA89CE3E265CCDEB0000CE40 /* Frameworks */ = {
			isa = PBXFrameworksBuildPhase;
			buildActionMask = 2147483647;
			files = (
			);
			runOnlyForDeploymentPostprocessing = 0;
		};
/* End PBXFrameworksBuildPhase section */

/* Begin PBXGroup section */
		DA89CE38265CCDEB0000CE40 = {
			isa = PBXGroup;
			children = (
				DA89CE43265CCDEB0000CE40 /* WatchShop */,
				DA89CE42265CCDEB0000CE40 /* Products */,
			);
			sourceTree = "<group>";
		};
		DA89CE42265CCDEB0000CE40 /* Products */ = {
			isa = PBXGroup;
			children = (
				DA89CE41265CCDEB0000CE40 /* WatchShop.app */,
			);
			name = Products;
			sourceTree = "<group>";
		};
		DA89CE43265CCDEB0000CE40 /* WatchShop */ = {
			isa = PBXGroup;
			children = (
				DA89CE57265CDB5C0000CE40 /* Extensions */,
				DA89CE53265CD0510000CE40 /* Code */,
				DA89CE56265CD0670000CE40 /* Resources */,
			);
			path = WatchShop;
			sourceTree = "<group>";
		};
		DA89CE4A265CCDEC0000CE40 /* Preview Content */ = {
			isa = PBXGroup;
			children = (
				DA89CE4B265CCDEC0000CE40 /* Preview Assets.xcassets */,
			);
			path = "Preview Content";
			sourceTree = "<group>";
		};
		DA89CE53265CD0510000CE40 /* Code */ = {
			isa = PBXGroup;
			children = (
				DA89CE5E265CE3070000CE40 /* Models */,
				DA89CE55265CD05D0000CE40 /* Controllers */,
				DA89CE54265CD0550000CE40 /* Views */,
			);
			path = Code;
			sourceTree = "<group>";
		};
		DA89CE54265CD0550000CE40 /* Views */ = {
			isa = PBXGroup;
			children = (
				DA89CE46265CCDEB0000CE40 /* ContentView.swift */,
				DA89CE5A265CE1170000CE40 /* SegmentButton.swift */,
				DA89CE5C265CE2910000CE40 /* ProductView.swift */,
			);
			path = Views;
			sourceTree = "<group>";
		};
		DA89CE55265CD05D0000CE40 /* Controllers */ = {
			isa = PBXGroup;
			children = (
				DA89CE44265CCDEB0000CE40 /* WatchShopApp.swift */,
			);
			path = Controllers;
			sourceTree = "<group>";
		};
		DA89CE56265CD0670000CE40 /* Resources */ = {
			isa = PBXGroup;
			children = (
				DA89CE48265CCDEC0000CE40 /* Assets.xcassets */,
				DA89CE4D265CCDEC0000CE40 /* Info.plist */,
				DA89CE4A265CCDEC0000CE40 /* Preview Content */,
			);
			path = Resources;
			sourceTree = "<group>";
		};
		DA89CE57265CDB5C0000CE40 /* Extensions */ = {
			isa = PBXGroup;
			children = (
				DA89CE58265CDB640000CE40 /* ViewExtensions.swift */,
				DA89CE62265CE5C90000CE40 /* ColorExtensions.swift */,
			);
			path = Extensions;
			sourceTree = "<group>";
		};
		DA89CE5E265CE3070000CE40 /* Models */ = {
			isa = PBXGroup;
			children = (
				DA89CE5F265CE3130000CE40 /* Watch.swift */,
			);
			path = Models;
			sourceTree = "<group>";
		};
/* End PBXGroup section */

/* Begin PBXNativeTarget section */
		DA89CE40265CCDEB0000CE40 /* WatchShop */ = {
			isa = PBXNativeTarget;
			buildConfigurationList = DA89CE50265CCDEC0000CE40 /* Build configuration list for PBXNativeTarget "WatchShop" */;
			buildPhases = (
				DA89CE3D265CCDEB0000CE40 /* Sources */,
				DA89CE3E265CCDEB0000CE40 /* Frameworks */,
				DA89CE3F265CCDEB0000CE40 /* Resources */,
			);
			buildRules = (
			);
			dependencies = (
			);
			name = WatchShop;
			productName = WatchShop;
			productReference = DA89CE41265CCDEB0000CE40 /* WatchShop.app */;
			productType = "com.apple.product-type.application";
		};
/* End PBXNativeTarget section */

/* Begin PBXProject section */
		DA89CE39265CCDEB0000CE40 /* Project object */ = {
			isa = PBXProject;
			attributes = {
				LastSwiftUpdateCheck = 1250;
				LastUpgradeCheck = 1250;
				TargetAttributes = {
					DA89CE40265CCDEB0000CE40 = {
						CreatedOnToolsVersion = 12.5;
					};
				};
			};
			buildConfigurationList = DA89CE3C265CCDEB0000CE40 /* Build configuration list for PBXProject "WatchShop" */;
			compatibilityVersion = "Xcode 9.3";
			developmentRegion = en;
			hasScannedForEncodings = 0;
			knownRegions = (
				en,
				Base,
			);
			mainGroup = DA89CE38265CCDEB0000CE40;
			productRefGroup = DA89CE42265CCDEB0000CE40 /* Products */;
			projectDirPath = "";
			projectRoot = "";
			targets = (
				DA89CE40265CCDEB0000CE40 /* WatchShop */,
			);
		};
/* End PBXProject section */

/* Begin PBXResourcesBuildPhase section */
		DA89CE3F265CCDEB0000CE40 /* Resources */ = {
			isa = PBXResourcesBuildPhase;
			buildActionMask = 2147483647;
			files = (
				DA89CE4C265CCDEC0000CE40 /* Preview Assets.xcassets in Resources */,
				DA89CE49265CCDEC0000CE40 /* Assets.xcassets in Resources */,
			);
			runOnlyForDeploymentPostprocessing = 0;
		};
/* End PBXResourcesBuildPhase section */

/* Begin PBXSourcesBuildPhase section */
		DA89CE3D265CCDEB0000CE40 /* Sources */ = {
			isa = PBXSourcesBuildPhase;
			buildActionMask = 2147483647;
			files = (
				DA89CE5D265CE2910000CE40 /* ProductView.swift in Sources */,
				DA89CE60265CE3130000CE40 /* Watch.swift in Sources */,
				DA89CE47265CCDEB0000CE40 /* ContentView.swift in Sources */,
				DA89CE63265CE5C90000CE40 /* ColorExtensions.swift in Sources */,
				DA89CE5B265CE1170000CE40 /* SegmentButton.swift in Sources */,
				DA89CE59265CDB640000CE40 /* ViewExtensions.swift in Sources */,
				DA89CE45265CCDEB0000CE40 /* WatchShopApp.swift in Sources */,
			);
			runOnlyForDeploymentPostprocessing = 0;
		};
/* End PBXSourcesBuildPhase section */

/* Begin XCBuildConfiguration section */
		DA89CE4E265CCDEC0000CE40 /* Debug */ = {
			isa = XCBuildConfiguration;
			buildSettings = {
				ALWAYS_SEARCH_USER_PATHS = NO;
				CLANG_ANALYZER_NONNULL = YES;
				CLANG_ANALYZER_NUMBER_OBJECT_CONVERSION = YES_AGGRESSIVE;
				CLANG_CXX_LANGUAGE_STANDARD = "gnu++14";
				CLANG_CXX_LIBRARY = "libc++";
				CLANG_ENABLE_MODULES = YES;
				CLANG_ENABLE_OBJC_ARC = YES;
				CLANG_ENABLE_OBJC_WEAK = YES;
				CLANG_WARN_BLOCK_CAPTURE_AUTORELEASING = YES;
				CLANG_WARN_BOOL_CONVERSION = YES;
				CLANG_WARN_COMMA = YES;
				CLANG_WARN_CONSTANT_CONVERSION = YES;
				CLANG_WARN_DEPRECATED_OBJC_IMPLEMENTATIONS = YES;
				CLANG_WARN_DIRECT_OBJC_ISA_USAGE = YES_ERROR;
				CLANG_WARN_DOCUMENTATION_COMMENTS = YES;
				CLANG_WARN_EMPTY_BODY = YES;
				CLANG_WARN_ENUM_CONVERSION = YES;
				CLANG_WARN_INFINITE_RECURSION = YES;
				CLANG_WARN_INT_CONVERSION = YES;
				CLANG_WARN_NON_LITERAL_NULL_CONVERSION = YES;
				CLANG_WARN_OBJC_IMPLICIT_RETAIN_SELF = YES;
				CLANG_WARN_OBJC_LITERAL_CONVERSION = YES;
				CLANG_WARN_OBJC_ROOT_CLASS = YES_ERROR;
				CLANG_WARN_QUOTED_INCLUDE_IN_FRAMEWORK_HEADER = YES;
				CLANG_WARN_RANGE_LOOP_ANALYSIS = YES;
				CLANG_WARN_STRICT_PROTOTYPES = YES;
				CLANG_WARN_SUSPICIOUS_MOVE = YES;
				CLANG_WARN_UNGUARDED_AVAILABILITY = YES_AGGRESSIVE;
				CLANG_WARN_UNREACHABLE_CODE = YES;
				CLANG_WARN__DUPLICATE_METHOD_MATCH = YES;
				COPY_PHASE_STRIP = NO;
				DEBUG_INFORMATION_FORMAT = dwarf;
				ENABLE_STRICT_OBJC_MSGSEND = YES;
				ENABLE_TESTABILITY = YES;
				GCC_C_LANGUAGE_STANDARD = gnu11;
				GCC_DYNAMIC_NO_PIC = NO;
				GCC_NO_COMMON_BLOCKS = YES;
				GCC_OPTIMIZATION_LEVEL = 0;
				GCC_PREPROCESSOR_DEFINITIONS = (
					"DEBUG=1",
					"$(inherited)",
				);
				GCC_WARN_64_TO_32_BIT_CONVERSION = YES;
				GCC_WARN_ABOUT_RETURN_TYPE = YES_ERROR;
				GCC_WARN_UNDECLARED_SELECTOR = YES;
				GCC_WARN_UNINITIALIZED_AUTOS = YES_AGGRESSIVE;
				GCC_WARN_UNUSED_FUNCTION = YES;
				GCC_WARN_UNUSED_VARIABLE = YES;
				IPHONEOS_DEPLOYMENT_TARGET = 14.5;
				MTL_ENABLE_DEBUG_INFO = INCLUDE_SOURCE;
				MTL_FAST_MATH = YES;
				ONLY_ACTIVE_ARCH = YES;
				SDKROOT = iphoneos;
				SWIFT_ACTIVE_COMPILATION_CONDITIONS = DEBUG;
				SWIFT_OPTIMIZATION_LEVEL = "-Onone";
			};
			name = Debug;
		};
		DA89CE4F265CCDEC0000CE40 /* Release */ = {
			isa = XCBuildConfiguration;
			buildSettings = {
				ALWAYS_SEARCH_USER_PATHS = NO;
				CLANG_ANALYZER_NONNULL = YES;
				CLANG_ANALYZER_NUMBER_OBJECT_CONVERSION = YES_AGGRESSIVE;
				CLANG_CXX_LANGUAGE_STANDARD = "gnu++14";
				CLANG_CXX_LIBRARY = "libc++";
				CLANG_ENABLE_MODULES = YES;
				CLANG_ENABLE_OBJC_ARC = YES;
				CLANG_ENABLE_OBJC_WEAK = YES;
				CLANG_WARN_BLOCK_CAPTURE_AUTORELEASING = YES;
				CLANG_WARN_BOOL_CONVERSION = YES;
				CLANG_WARN_COMMA = YES;
				CLANG_WARN_CONSTANT_CONVERSION = YES;
				CLANG_WARN_DEPRECATED_OBJC_IMPLEMENTATIONS = YES;
				CLANG_WARN_DIRECT_OBJC_ISA_USAGE = YES_ERROR;
				CLANG_WARN_DOCUMENTATION_COMMENTS = YES;
				CLANG_WARN_EMPTY_BODY = YES;
				CLANG_WARN_ENUM_CONVERSION = YES;
				CLANG_WARN_INFINITE_RECURSION = YES;
				CLANG_WARN_INT_CONVERSION = YES;
				CLANG_WARN_NON_LITERAL_NULL_CONVERSION = YES;
				CLANG_WARN_OBJC_IMPLICIT_RETAIN_SELF = YES;
				CLANG_WARN_OBJC_LITERAL_CONVERSION = YES;
				CLANG_WARN_OBJC_ROOT_CLASS = YES_ERROR;
				CLANG_WARN_QUOTED_INCLUDE_IN_FRAMEWORK_HEADER = YES;
				CLANG_WARN_RANGE_LOOP_ANALYSIS = YES;
				CLANG_WARN_STRICT_PROTOTYPES = YES;
				CLANG_WARN_SUSPICIOUS_MOVE = YES;
				CLANG_WARN_UNGUARDED_AVAILABILITY = YES_AGGRESSIVE;
				CLANG_WARN_UNREACHABLE_CODE = YES;
				CLANG_WARN__DUPLICATE_METHOD_MATCH = YES;
				COPY_PHASE_STRIP = NO;
				DEBUG_INFORMATION_FORMAT = "dwarf-with-dsym";
				ENABLE_NS_ASSERTIONS = NO;
				ENABLE_STRICT_OBJC_MSGSEND = YES;
				GCC_C_LANGUAGE_STANDARD = gnu11;
				GCC_NO_COMMON_BLOCKS = YES;
				GCC_WARN_64_TO_32_BIT_CONVERSION = YES;
				GCC_WARN_ABOUT_RETURN_TYPE = YES_ERROR;
				GCC_WARN_UNDECLARED_SELECTOR = YES;
				GCC_WARN_UNINITIALIZED_AUTOS = YES_AGGRESSIVE;
				GCC_WARN_UNUSED_FUNCTION = YES;
				GCC_WARN_UNUSED_VARIABLE = YES;
				IPHONEOS_DEPLOYMENT_TARGET = 14.5;
				MTL_ENABLE_DEBUG_INFO = NO;
				MTL_FAST_MATH = YES;
				SDKROOT = iphoneos;
				SWIFT_COMPILATION_MODE = wholemodule;
				SWIFT_OPTIMIZATION_LEVEL = "-O";
				VALIDATE_PRODUCT = YES;
			};
			name = Release;
		};
		DA89CE51265CCDEC0000CE40 /* Debug */ = {
			isa = XCBuildConfiguration;
			buildSettings = {
				ASSETCATALOG_COMPILER_APPICON_NAME = AppIcon;
				ASSETCATALOG_COMPILER_GLOBAL_ACCENT_COLOR_NAME = AccentColor;
				CODE_SIGN_STYLE = Automatic;
				DEVELOPMENT_ASSET_PATHS = "\"WatchShop/Resources/Preview Content\"";
				DEVELOPMENT_TEAM = VXZ7XFH447;
				ENABLE_PREVIEWS = YES;
				INFOPLIST_FILE = WatchShop/Resources/Info.plist;
				IPHONEOS_DEPLOYMENT_TARGET = 14.1;
				LD_RUNPATH_SEARCH_PATHS = (
					"$(inherited)",
					"@executable_path/Frameworks",
				);
				PRODUCT_BUNDLE_IDENTIFIER = "com.shubham-iosdev.WatchShop";
				PRODUCT_NAME = "$(TARGET_NAME)";
				SWIFT_VERSION = 5.0;
				TARGETED_DEVICE_FAMILY = "1,2";
			};
			name = Debug;
		};
		DA89CE52265CCDEC0000CE40 /* Release */ = {
			isa = XCBuildConfiguration;
			buildSettings = {
				ASSETCATALOG_COMPILER_APPICON_NAME = AppIcon;
				ASSETCATALOG_COMPILER_GLOBAL_ACCENT_COLOR_NAME = AccentColor;
				CODE_SIGN_STYLE = Automatic;
				DEVELOPMENT_ASSET_PATHS = "\"WatchShop/Resources/Preview Content\"";
				DEVELOPMENT_TEAM = VXZ7XFH447;
				ENABLE_PREVIEWS = YES;
				INFOPLIST_FILE = WatchShop/Resources/Info.plist;
				IPHONEOS_DEPLOYMENT_TARGET = 14.1;
				LD_RUNPATH_SEARCH_PATHS = (
					"$(inherited)",
					"@executable_path/Frameworks",
				);
				PRODUCT_BUNDLE_IDENTIFIER = "com.shubham-iosdev.WatchShop";
				PRODUCT_NAME = "$(TARGET_NAME)";
				SWIFT_VERSION = 5.0;
				TARGETED_DEVICE_FAMILY = "1,2";
			};
			name = Release;
		};
/* End XCBuildConfiguration section */

/* Begin XCConfigurationList section */
		DA89CE3C265CCDEB0000CE40 /* Build configuration list for PBXProject "WatchShop" */ = {
			isa = XCConfigurationList;
			buildConfigurations = (
				DA89CE4E265CCDEC0000CE40 /* Debug */,
				DA89CE4F265CCDEC0000CE40 /* Release */,
			);
			defaultConfigurationIsVisible = 0;
			defaultConfigurationName = Release;
		};
		DA89CE50265CCDEC0000CE40 /* Build configuration list for PBXNativeTarget "WatchShop" */ = {
			isa = XCConfigurationList;
			buildConfigurations = (
				DA89CE51265CCDEC0000CE40 /* Debug */,
				DA89CE52265CCDEC0000CE40 /* Release */,
			);
			defaultConfigurationIsVisible = 0;
			defaultConfigurationName = Release;
		};
/* End XCConfigurationList section */
	};
	rootObject = DA89CE39265CCDEB0000CE40 /* Project object */;
}
